
Microsoft Visual Studio Solution File, Format Version 12.00
# Visual Studio Version 16
VisualStudioVersion = 16.0.29613.14
MinimumVisualStudioVersion = 10.0.40219.1
Project("{2150E333-8FDC-42A3-9474-1A3956D46DE8}") = "src", "src", "{82A28E55-13BC-4880-AAEA-0B2C0CFE88B5}"
EndProject
Project("{2150E333-8FDC-42A3-9474-1A3956D46DE8}") = "tests", "tests", "{F8A8FBE9-2CC8-4DFB-9E1E-BFA25746E2AD}"
EndProject
Project("{2150E333-8FDC-42A3-9474-1A3956D46DE8}") = "Libraries", "Libraries", "{CBE8D358-35EE-4D39-AF86-531CAB7EBA36}"
EndProject
Project("{2150E333-8FDC-42A3-9474-1A3956D46DE8}") = "Presentation", "Presentation", "{CACB20E8-5FE2-4446-A5C7-08CB03994C0E}"
EndProject
Project("{2150E333-8FDC-42A3-9474-1A3956D46DE8}") = "Infrastructure", "Infrastructure", "{CB44A958-4E65-49E9-A6C4-10EA722537F6}"
EndProject
Project("{2150E333-8FDC-42A3-9474-1A3956D46DE8}") = "Domain", "Domain", "{563642AB-BACE-45BD-8DE8-8EC51E77725B}"
EndProject
Project("{2150E333-8FDC-42A3-9474-1A3956D46DE8}") = "Application", "Application", "{1A4209E3-F721-4291-BDA2-654591F73302}"
EndProject
Project("{9A19103F-16F7-4668-BE54-9A1E7A4F7556}") = "SmartRestaurant.Domain", "src\Libraries\SmartRestaurant.Domain\SmartRestaurant.Domain.csproj", "{36EABB2D-9EE2-4066-BCB4-579F8652D470}"
EndProject
Project("{9A19103F-16F7-4668-BE54-9A1E7A4F7556}") = "SmartRestaurant.Application", "src\Libraries\SmartRestaurant.Application\SmartRestaurant.Application.csproj", "{6BEC333F-E4A5-4925-960C-FAA0D7A9FC9D}"
EndProject
Project("{9A19103F-16F7-4668-BE54-9A1E7A4F7556}") = "SmartRestaurant.Infrastructure", "src\Libraries\SmartRestaurant.Infrastructure\SmartRestaurant.Infrastructure.csproj", "{4D1C4FE9-3EB2-44F9-B932-008CE9376771}"
EndProject
Project("{9A19103F-16F7-4668-BE54-9A1E7A4F7556}") = "SmartRestaurant.API", "src\Presentation\SmartRestaurant.API\SmartRestaurant.API.csproj", "{F3F91EA5-7723-4DC7-A211-CE1551BAEB3B}"
EndProject
Project("{9A19103F-16F7-4668-BE54-9A1E7A4F7556}") = "SmartRestaurant.Infrastructure.Identity", "src\Libraries\SmartRestaurant.Infrastructure.Identity\SmartRestaurant.Infrastructure.Identity.csproj", "{933F7ABC-47D4-4F62-A772-39471F365EED}"
EndProject
Project("{9A19103F-16F7-4668-BE54-9A1E7A4F7556}") = "SmartRestaurant.Application.IntegrationTests", "tests\SmartRestaurant.Application.IntegrationTests\SmartRestaurant.Application.IntegrationTests.csproj", "{EF8E2CD1-DA10-461C-848F-2FA25284FA5C}"
EndProject
Project("{9A19103F-16F7-4668-BE54-9A1E7A4F7556}") = "SmartRestaurant.Application.Tests", "tests\SmartRestaurant.Application.Tests\SmartRestaurant.Application.Tests.csproj", "{6DACC0EF-6761-4979-8293-745055D3BFDA}"
EndProject
Project("{2150E333-8FDC-42A3-9474-1A3956D46DE8}") = "SmartRestaurant.Mobile", "SmartRestaurant.Mobile", "{CA924675-8B75-4E9B-88A3-0AA6679AF719}"
EndProject
Project("{9A19103F-16F7-4668-BE54-9A1E7A4F7556}") = "SmartRestaurant.Diner", "src\Presentation\SmartRestaurant.Mobile\SmartRestaurant.Forms\SmartRestaurant.Diner.csproj", "{B66B864C-B9BE-45CB-BB4C-D638F6BAB530}"
EndProject
Project("{FAE04EC0-301F-11D3-BF4B-00C04F79EFBC}") = "SmartRestaurant.WebApi.Tests", "tests\SmartRestaurant.WebApi.Tests\SmartRestaurant.WebApi.Tests.csproj", "{7F74D399-F770-4441-BD46-721DEB2AAF57}"
EndProject
Global
	GlobalSection(SolutionConfigurationPlatforms) = preSolution
		Debug|Any CPU = Debug|Any CPU
		Debug|iPhone = Debug|iPhone
		Debug|iPhoneSimulator = Debug|iPhoneSimulator
		Release|Any CPU = Release|Any CPU
		Release|iPhone = Release|iPhone
		Release|iPhoneSimulator = Release|iPhoneSimulator
	EndGlobalSection
	GlobalSection(ProjectConfigurationPlatforms) = postSolution
		{36EABB2D-9EE2-4066-BCB4-579F8652D470}.Debug|Any CPU.ActiveCfg = Debug|Any CPU
		{36EABB2D-9EE2-4066-BCB4-579F8652D470}.Debug|Any CPU.Build.0 = Debug|Any CPU
		{36EABB2D-9EE2-4066-BCB4-579F8652D470}.Debug|iPhone.ActiveCfg = Debug|Any CPU
		{36EABB2D-9EE2-4066-BCB4-579F8652D470}.Debug|iPhone.Build.0 = Debug|Any CPU
		{36EABB2D-9EE2-4066-BCB4-579F8652D470}.Debug|iPhoneSimulator.ActiveCfg = Debug|Any CPU
		{36EABB2D-9EE2-4066-BCB4-579F8652D470}.Debug|iPhoneSimulator.Build.0 = Debug|Any CPU
		{36EABB2D-9EE2-4066-BCB4-579F8652D470}.Release|Any CPU.ActiveCfg = Release|Any CPU
		{36EABB2D-9EE2-4066-BCB4-579F8652D470}.Release|Any CPU.Build.0 = Release|Any CPU
		{36EABB2D-9EE2-4066-BCB4-579F8652D470}.Release|iPhone.ActiveCfg = Release|Any CPU
		{36EABB2D-9EE2-4066-BCB4-579F8652D470}.Release|iPhone.Build.0 = Release|Any CPU
		{36EABB2D-9EE2-4066-BCB4-579F8652D470}.Release|iPhoneSimulator.ActiveCfg = Release|Any CPU
		{36EABB2D-9EE2-4066-BCB4-579F8652D470}.Release|iPhoneSimulator.Build.0 = Release|Any CPU
		{6BEC333F-E4A5-4925-960C-FAA0D7A9FC9D}.Debug|Any CPU.ActiveCfg = Debug|Any CPU
		{6BEC333F-E4A5-4925-960C-FAA0D7A9FC9D}.Debug|Any CPU.Build.0 = Debug|Any CPU
		{6BEC333F-E4A5-4925-960C-FAA0D7A9FC9D}.Debug|iPhone.ActiveCfg = Debug|Any CPU
		{6BEC333F-E4A5-4925-960C-FAA0D7A9FC9D}.Debug|iPhone.Build.0 = Debug|Any CPU
		{6BEC333F-E4A5-4925-960C-FAA0D7A9FC9D}.Debug|iPhoneSimulator.ActiveCfg = Debug|Any CPU
		{6BEC333F-E4A5-4925-960C-FAA0D7A9FC9D}.Debug|iPhoneSimulator.Build.0 = Debug|Any CPU
		{6BEC333F-E4A5-4925-960C-FAA0D7A9FC9D}.Release|Any CPU.ActiveCfg = Release|Any CPU
		{6BEC333F-E4A5-4925-960C-FAA0D7A9FC9D}.Release|Any CPU.Build.0 = Release|Any CPU
		{6BEC333F-E4A5-4925-960C-FAA0D7A9FC9D}.Release|iPhone.ActiveCfg = Release|Any CPU
		{6BEC333F-E4A5-4925-960C-FAA0D7A9FC9D}.Release|iPhone.Build.0 = Release|Any CPU
		{6BEC333F-E4A5-4925-960C-FAA0D7A9FC9D}.Release|iPhoneSimulator.ActiveCfg = Release|Any CPU
		{6BEC333F-E4A5-4925-960C-FAA0D7A9FC9D}.Release|iPhoneSimulator.Build.0 = Release|Any CPU
		{4D1C4FE9-3EB2-44F9-B932-008CE9376771}.Debug|Any CPU.ActiveCfg = Debug|Any CPU
		{4D1C4FE9-3EB2-44F9-B932-008CE9376771}.Debug|Any CPU.Build.0 = Debug|Any CPU
		{4D1C4FE9-3EB2-44F9-B932-008CE9376771}.Debug|iPhone.ActiveCfg = Debug|Any CPU
		{4D1C4FE9-3EB2-44F9-B932-008CE9376771}.Debug|iPhone.Build.0 = Debug|Any CPU
		{4D1C4FE9-3EB2-44F9-B932-008CE9376771}.Debug|iPhoneSimulator.ActiveCfg = Debug|Any CPU
		{4D1C4FE9-3EB2-44F9-B932-008CE9376771}.Debug|iPhoneSimulator.Build.0 = Debug|Any CPU
		{4D1C4FE9-3EB2-44F9-B932-008CE9376771}.Release|Any CPU.ActiveCfg = Release|Any CPU
		{4D1C4FE9-3EB2-44F9-B932-008CE9376771}.Release|Any CPU.Build.0 = Release|Any CPU
		{4D1C4FE9-3EB2-44F9-B932-008CE9376771}.Release|iPhone.ActiveCfg = Release|Any CPU
		{4D1C4FE9-3EB2-44F9-B932-008CE9376771}.Release|iPhone.Build.0 = Release|Any CPU
		{4D1C4FE9-3EB2-44F9-B932-008CE9376771}.Release|iPhoneSimulator.ActiveCfg = Release|Any CPU
		{4D1C4FE9-3EB2-44F9-B932-008CE9376771}.Release|iPhoneSimulator.Build.0 = Release|Any CPU
		{F3F91EA5-7723-4DC7-A211-CE1551BAEB3B}.Debug|Any CPU.ActiveCfg = Debug|Any CPU
		{F3F91EA5-7723-4DC7-A211-CE1551BAEB3B}.Debug|Any CPU.Build.0 = Debug|Any CPU
		{F3F91EA5-7723-4DC7-A211-CE1551BAEB3B}.Debug|iPhone.ActiveCfg = Debug|Any CPU
		{F3F91EA5-7723-4DC7-A211-CE1551BAEB3B}.Debug|iPhone.Build.0 = Debug|Any CPU
		{F3F91EA5-7723-4DC7-A211-CE1551BAEB3B}.Debug|iPhoneSimulator.ActiveCfg = Debug|Any CPU
		{F3F91EA5-7723-4DC7-A211-CE1551BAEB3B}.Debug|iPhoneSimulator.Build.0 = Debug|Any CPU
		{F3F91EA5-7723-4DC7-A211-CE1551BAEB3B}.Release|Any CPU.ActiveCfg = Release|Any CPU
		{F3F91EA5-7723-4DC7-A211-CE1551BAEB3B}.Release|Any CPU.Build.0 = Release|Any CPU
		{F3F91EA5-7723-4DC7-A211-CE1551BAEB3B}.Release|iPhone.ActiveCfg = Release|Any CPU
		{F3F91EA5-7723-4DC7-A211-CE1551BAEB3B}.Release|iPhone.Build.0 = Release|Any CPU
		{F3F91EA5-7723-4DC7-A211-CE1551BAEB3B}.Release|iPhoneSimulator.ActiveCfg = Release|Any CPU
		{F3F91EA5-7723-4DC7-A211-CE1551BAEB3B}.Release|iPhoneSimulator.Build.0 = Release|Any CPU
		{933F7ABC-47D4-4F62-A772-39471F365EED}.Debug|Any CPU.ActiveCfg = Debug|Any CPU
		{933F7ABC-47D4-4F62-A772-39471F365EED}.Debug|Any CPU.Build.0 = Debug|Any CPU
		{933F7ABC-47D4-4F62-A772-39471F365EED}.Debug|iPhone.ActiveCfg = Debug|Any CPU
		{933F7ABC-47D4-4F62-A772-39471F365EED}.Debug|iPhone.Build.0 = Debug|Any CPU
		{933F7ABC-47D4-4F62-A772-39471F365EED}.Debug|iPhoneSimulator.ActiveCfg = Debug|Any CPU
		{933F7ABC-47D4-4F62-A772-39471F365EED}.Debug|iPhoneSimulator.Build.0 = Debug|Any CPU
		{933F7ABC-47D4-4F62-A772-39471F365EED}.Release|Any CPU.ActiveCfg = Release|Any CPU
		{933F7ABC-47D4-4F62-A772-39471F365EED}.Release|Any CPU.Build.0 = Release|Any CPU
		{933F7ABC-47D4-4F62-A772-39471F365EED}.Release|iPhone.ActiveCfg = Release|Any CPU
		{933F7ABC-47D4-4F62-A772-39471F365EED}.Release|iPhone.Build.0 = Release|Any CPU
		{933F7ABC-47D4-4F62-A772-39471F365EED}.Release|iPhoneSimulator.ActiveCfg = Release|Any CPU
		{933F7ABC-47D4-4F62-A772-39471F365EED}.Release|iPhoneSimulator.Build.0 = Release|Any CPU
		{EF8E2CD1-DA10-461C-848F-2FA25284FA5C}.Debug|Any CPU.ActiveCfg = Debug|Any CPU
		{EF8E2CD1-DA10-461C-848F-2FA25284FA5C}.Debug|Any CPU.Build.0 = Debug|Any CPU
		{EF8E2CD1-DA10-461C-848F-2FA25284FA5C}.Debug|iPhone.ActiveCfg = Debug|Any CPU
		{EF8E2CD1-DA10-461C-848F-2FA25284FA5C}.Debug|iPhone.Build.0 = Debug|Any CPU
		{EF8E2CD1-DA10-461C-848F-2FA25284FA5C}.Debug|iPhoneSimulator.ActiveCfg = Debug|Any CPU
		{EF8E2CD1-DA10-461C-848F-2FA25284FA5C}.Debug|iPhoneSimulator.Build.0 = Debug|Any CPU
		{EF8E2CD1-DA10-461C-848F-2FA25284FA5C}.Release|Any CPU.ActiveCfg = Release|Any CPU
		{EF8E2CD1-DA10-461C-848F-2FA25284FA5C}.Release|Any CPU.Build.0 = Release|Any CPU
		{EF8E2CD1-DA10-461C-848F-2FA25284FA5C}.Release|iPhone.ActiveCfg = Release|Any CPU
		{EF8E2CD1-DA10-461C-848F-2FA25284FA5C}.Release|iPhone.Build.0 = Release|Any CPU
		{EF8E2CD1-DA10-461C-848F-2FA25284FA5C}.Release|iPhoneSimulator.ActiveCfg = Release|Any CPU
		{EF8E2CD1-DA10-461C-848F-2FA25284FA5C}.Release|iPhoneSimulator.Build.0 = Release|Any CPU
		{6DACC0EF-6761-4979-8293-745055D3BFDA}.Debug|Any CPU.ActiveCfg = Debug|Any CPU
		{6DACC0EF-6761-4979-8293-745055D3BFDA}.Debug|Any CPU.Build.0 = Debug|Any CPU
		{6DACC0EF-6761-4979-8293-745055D3BFDA}.Debug|iPhone.ActiveCfg = Debug|Any CPU
		{6DACC0EF-6761-4979-8293-745055D3BFDA}.Debug|iPhone.Build.0 = Debug|Any CPU
		{6DACC0EF-6761-4979-8293-745055D3BFDA}.Debug|iPhoneSimulator.ActiveCfg = Debug|Any CPU
		{6DACC0EF-6761-4979-8293-745055D3BFDA}.Debug|iPhoneSimulator.Build.0 = Debug|Any CPU
		{6DACC0EF-6761-4979-8293-745055D3BFDA}.Release|Any CPU.ActiveCfg = Release|Any CPU
		{6DACC0EF-6761-4979-8293-745055D3BFDA}.Release|Any CPU.Build.0 = Release|Any CPU
		{6DACC0EF-6761-4979-8293-745055D3BFDA}.Release|iPhone.ActiveCfg = Release|Any CPU
		{6DACC0EF-6761-4979-8293-745055D3BFDA}.Release|iPhone.Build.0 = Release|Any CPU
		{6DACC0EF-6761-4979-8293-745055D3BFDA}.Release|iPhoneSimulator.ActiveCfg = Release|Any CPU
		{6DACC0EF-6761-4979-8293-745055D3BFDA}.Release|iPhoneSimulator.Build.0 = Release|Any CPU
		{B66B864C-B9BE-45CB-BB4C-D638F6BAB530}.Debug|Any CPU.ActiveCfg = Debug|Any CPU
		{B66B864C-B9BE-45CB-BB4C-D638F6BAB530}.Debug|Any CPU.Build.0 = Debug|Any CPU
		{B66B864C-B9BE-45CB-BB4C-D638F6BAB530}.Debug|iPhone.ActiveCfg = Debug|Any CPU
		{B66B864C-B9BE-45CB-BB4C-D638F6BAB530}.Debug|iPhone.Build.0 = Debug|Any CPU
		{B66B864C-B9BE-45CB-BB4C-D638F6BAB530}.Debug|iPhoneSimulator.ActiveCfg = Debug|Any CPU
		{B66B864C-B9BE-45CB-BB4C-D638F6BAB530}.Debug|iPhoneSimulator.Build.0 = Debug|Any CPU
		{B66B864C-B9BE-45CB-BB4C-D638F6BAB530}.Release|Any CPU.ActiveCfg = Release|Any CPU
		{B66B864C-B9BE-45CB-BB4C-D638F6BAB530}.Release|Any CPU.Build.0 = Release|Any CPU
		{B66B864C-B9BE-45CB-BB4C-D638F6BAB530}.Release|iPhone.ActiveCfg = Release|Any CPU
		{B66B864C-B9BE-45CB-BB4C-D638F6BAB530}.Release|iPhone.Build.0 = Release|Any CPU
		{B66B864C-B9BE-45CB-BB4C-D638F6BAB530}.Release|iPhoneSimulator.ActiveCfg = Release|Any CPU
		{B66B864C-B9BE-45CB-BB4C-D638F6BAB530}.Release|iPhoneSimulator.Build.0 = Release|Any CPU
		{7F74D399-F770-4441-BD46-721DEB2AAF57}.Debug|Any CPU.ActiveCfg = Debug|Any CPU
		{7F74D399-F770-4441-BD46-721DEB2AAF57}.Debug|Any CPU.Build.0 = Debug|Any CPU
		{7F74D399-F770-4441-BD46-721DEB2AAF57}.Debug|iPhone.ActiveCfg = Debug|Any CPU
		{7F74D399-F770-4441-BD46-721DEB2AAF57}.Debug|iPhone.Build.0 = Debug|Any CPU
		{7F74D399-F770-4441-BD46-721DEB2AAF57}.Debug|iPhoneSimulator.ActiveCfg = Debug|Any CPU
		{7F74D399-F770-4441-BD46-721DEB2AAF57}.Debug|iPhoneSimulator.Build.0 = Debug|Any CPU
		{7F74D399-F770-4441-BD46-721DEB2AAF57}.Release|Any CPU.ActiveCfg = Release|Any CPU
		{7F74D399-F770-4441-BD46-721DEB2AAF57}.Release|Any CPU.Build.0 = Release|Any CPU
		{7F74D399-F770-4441-BD46-721DEB2AAF57}.Release|iPhone.ActiveCfg = Release|Any CPU
		{7F74D399-F770-4441-BD46-721DEB2AAF57}.Release|iPhone.Build.0 = Release|Any CPU
		{7F74D399-F770-4441-BD46-721DEB2AAF57}.Release|iPhoneSimulator.ActiveCfg = Release|Any CPU
		{7F74D399-F770-4441-BD46-721DEB2AAF57}.Release|iPhoneSimulator.Build.0 = Release|Any CPU
	EndGlobalSection
	GlobalSection(SolutionProperties) = preSolution
		HideSolutionNode = FALSE
	EndGlobalSection
	GlobalSection(NestedProjects) = preSolution
		{CBE8D358-35EE-4D39-AF86-531CAB7EBA36} = {82A28E55-13BC-4880-AAEA-0B2C0CFE88B5}
		{CACB20E8-5FE2-4446-A5C7-08CB03994C0E} = {82A28E55-13BC-4880-AAEA-0B2C0CFE88B5}
		{CB44A958-4E65-49E9-A6C4-10EA722537F6} = {CBE8D358-35EE-4D39-AF86-531CAB7EBA36}
		{563642AB-BACE-45BD-8DE8-8EC51E77725B} = {CBE8D358-35EE-4D39-AF86-531CAB7EBA36}
		{1A4209E3-F721-4291-BDA2-654591F73302} = {CBE8D358-35EE-4D39-AF86-531CAB7EBA36}
		{36EABB2D-9EE2-4066-BCB4-579F8652D470} = {563642AB-BACE-45BD-8DE8-8EC51E77725B}
		{6BEC333F-E4A5-4925-960C-FAA0D7A9FC9D} = {1A4209E3-F721-4291-BDA2-654591F73302}
		{4D1C4FE9-3EB2-44F9-B932-008CE9376771} = {CB44A958-4E65-49E9-A6C4-10EA722537F6}
		{F3F91EA5-7723-4DC7-A211-CE1551BAEB3B} = {CACB20E8-5FE2-4446-A5C7-08CB03994C0E}
		{933F7ABC-47D4-4F62-A772-39471F365EED} = {CB44A958-4E65-49E9-A6C4-10EA722537F6}
		{EF8E2CD1-DA10-461C-848F-2FA25284FA5C} = {F8A8FBE9-2CC8-4DFB-9E1E-BFA25746E2AD}
		{6DACC0EF-6761-4979-8293-745055D3BFDA} = {F8A8FBE9-2CC8-4DFB-9E1E-BFA25746E2AD}
		{CA924675-8B75-4E9B-88A3-0AA6679AF719} = {CACB20E8-5FE2-4446-A5C7-08CB03994C0E}
		{B66B864C-B9BE-45CB-BB4C-D638F6BAB530} = {CA924675-8B75-4E9B-88A3-0AA6679AF719}
		{7F74D399-F770-4441-BD46-721DEB2AAF57} = {F8A8FBE9-2CC8-4DFB-9E1E-BFA25746E2AD}
	EndGlobalSection
	GlobalSection(ExtensibilityGlobals) = postSolution
		SolutionGuid = {1E62ECAE-DC34-48BE-BE8E-8A0D0527D9CC}
	EndGlobalSection
EndGlobal
