
Microsoft Visual Studio Solution File, Format Version 12.00
# Visual Studio 15
VisualStudioVersion = 15.0.28307.572
MinimumVisualStudioVersion = 10.0.40219.1
Project("{2150E333-8FDC-42A3-9474-1A3956D46DE8}") = "Application", "Application", "{278932C1-7CFA-4EAB-BEF6-EC0C4BB8E993}"
EndProject
Project("{2150E333-8FDC-42A3-9474-1A3956D46DE8}") = "Infrastructure", "Infrastructure", "{8A15C181-0F1F-4B75-ABB2-9F1D81BE5DD4}"
EndProject
Project("{2150E333-8FDC-42A3-9474-1A3956D46DE8}") = "Presentation", "Presentation", "{00D96C0D-7857-4786-8E1B-F884076E3748}"
EndProject
Project("{2150E333-8FDC-42A3-9474-1A3956D46DE8}") = "Domain", "Domain", "{C979CABC-E10D-4094-9295-E31A86DCE8A6}"
EndProject
Project("{2150E333-8FDC-42A3-9474-1A3956D46DE8}") = "Web", "Web", "{C91EC2FE-E233-4303-96BF-BB30B75BE976}"
EndProject
Project("{2150E333-8FDC-42A3-9474-1A3956D46DE8}") = "API", "API", "{79EEAA1F-FC18-4FED-998A-29C65A6518A8}"
EndProject
Project("{2150E333-8FDC-42A3-9474-1A3956D46DE8}") = "Persistence", "Persistence", "{319B24ED-8DE8-41F1-AC9B-095BAA8AFF66}"
EndProject
Project("{2150E333-8FDC-42A3-9474-1A3956D46DE8}") = "Mobile", "Mobile", "{8D51F3FE-121D-4A9C-B288-DFAE0312CC70}"
EndProject
Project("{9A19103F-16F7-4668-BE54-9A1E7A4F7556}") = "SmartRestaurant.Persistance.Identity", "SmartRestaurant.Persistance.Identity\SmartRestaurant.Persistance.Identity.csproj", "{AF18DC13-2F88-4065-8680-1228713FA985}"
EndProject
Project("{9A19103F-16F7-4668-BE54-9A1E7A4F7556}") = "SmartRestaurant.Client.Web", "SmartRestaurant.Client.Web\SmartRestaurant.Client.Web.csproj", "{876E16B4-27BA-4B6B-BFE2-11101DB6952F}"
EndProject
Project("{9A19103F-16F7-4668-BE54-9A1E7A4F7556}") = "SmartRestaurant.Client.API.Identity", "SmartRestaurant.Client.API.Identity\SmartRestaurant.Client.API.Identity.csproj", "{8EE51460-631C-4BEF-BCB7-8577752F6381}"
EndProject
Project("{9A19103F-16F7-4668-BE54-9A1E7A4F7556}") = "SmartRestaurant.Persistence.ApplicationDataBase", "SmartRestaurant.Persistence.ApplicationDataBase\SmartRestaurant.Persistence.ApplicationDataBase.csproj", "{44E7162A-791D-4B05-A4F5-35869433ECD8}"
EndProject
Project("{9A19103F-16F7-4668-BE54-9A1E7A4F7556}") = "SmartRestaurant.Persistence.Guest.Identity", "SmartRestaurant.Persistence.Guest.Identity\SmartRestaurant.Persistence.Guest.Identity.csproj", "{67F457BD-5EF2-46CA-97E4-4B0ACD798E67}"
EndProject
Project("{9A19103F-16F7-4668-BE54-9A1E7A4F7556}") = "SmartRestaurant.Domain", "SmartRestaurant.Domain\SmartRestaurant.Domain.csproj", "{9F0152BF-EC30-4F06-BD65-5E2D312F0048}"
EndProject
Project("{2150E333-8FDC-42A3-9474-1A3956D46DE8}") = "Commun", "Commun", "{4BCED01A-0978-4A3E-B984-3980AFA1013E}"
EndProject
Project("{9A19103F-16F7-4668-BE54-9A1E7A4F7556}") = "Helpers", "Helpers\Helpers.csproj", "{27836BCB-D598-4037-B602-8800BEC62A8E}"
EndProject
Project("{9A19103F-16F7-4668-BE54-9A1E7A4F7556}") = "SmartRestaurant.Application", "SmartRestaurant.Application\SmartRestaurant.Application.csproj", "{27C2D36C-7F50-4810-8E08-94FF460E0BCC}"
EndProject
Project("{9A19103F-16F7-4668-BE54-9A1E7A4F7556}") = "SmartRestaurant.Persistence", "SmartRestaurant.Persistence\SmartRestaurant.Persistence.csproj", "{BE2D5F06-1F3D-4416-B6DE-06963C486054}"
EndProject
Project("{9A19103F-16F7-4668-BE54-9A1E7A4F7556}") = "SmartRestaurant.Resources", "SmartRestaurant.Globalisation\SmartRestaurant.Resources.csproj", "{201E5011-4DDB-487F-A005-A9768FA25A1B}"
EndProject
Project("{9A19103F-16F7-4668-BE54-9A1E7A4F7556}") = "SmartRestaurant.Client.API", "SmartRestaurant.Client.API\SmartRestaurant.Client.API.csproj", "{0C4FB394-3645-406B-84EF-A97952DE5D50}"
EndProject
Project("{2150E333-8FDC-42A3-9474-1A3956D46DE8}") = "Commun", "Commun", "{30DCB1DC-3901-410D-A0C8-34C0CA897C5D}"
EndProject
Project("{9A19103F-16F7-4668-BE54-9A1E7A4F7556}") = "SmartRestaurant.Client.Commun", "SmartRestaurant.Client.Commun\SmartRestaurant.Client.Commun.csproj", "{6B748EA7-C135-41A8-A120-9288A7B8BEF0}"
EndProject
Project("{FAE04EC0-301F-11D3-BF4B-00C04F79EFBC}") = "SmartRestaurant.Forms.Android", "SmartRestaurant.Forms\SmartRestaurant.Forms.Android\SmartRestaurant.Forms.Android.csproj", "{00A48355-7D6B-4FB5-871B-4791943062CB}"
EndProject
Project("{FAE04EC0-301F-11D3-BF4B-00C04F79EFBC}") = "SmartRestaurant.Forms.iOS", "SmartRestaurant.Forms\SmartRestaurant.Forms.iOS\SmartRestaurant.Forms.iOS.csproj", "{43AC56F7-E039-47B2-B2B4-7F19FD2DD03C}"
EndProject
Project("{9A19103F-16F7-4668-BE54-9A1E7A4F7556}") = "SmartRestaurant.Forms", "SmartRestaurant.Forms\SmartRestaurant.Forms\SmartRestaurant.Forms.csproj", "{AD66FAAC-0FAF-4742-A4C1-5B0D4439FFF1}"
EndProject
Global
	GlobalSection(SolutionConfigurationPlatforms) = preSolution
		Debug|Any CPU = Debug|Any CPU
		Debug|iPhone = Debug|iPhone
		Debug|iPhoneSimulator = Debug|iPhoneSimulator
		Release|Any CPU = Release|Any CPU
		Release|iPhone = Release|iPhone
		Release|iPhoneSimulator = Release|iPhoneSimulator
	EndGlobalSection
	GlobalSection(ProjectConfigurationPlatforms) = postSolution
		{AF18DC13-2F88-4065-8680-1228713FA985}.Debug|Any CPU.ActiveCfg = Debug|Any CPU
		{AF18DC13-2F88-4065-8680-1228713FA985}.Debug|Any CPU.Build.0 = Debug|Any CPU
		{AF18DC13-2F88-4065-8680-1228713FA985}.Debug|iPhone.ActiveCfg = Debug|Any CPU
		{AF18DC13-2F88-4065-8680-1228713FA985}.Debug|iPhone.Build.0 = Debug|Any CPU
		{AF18DC13-2F88-4065-8680-1228713FA985}.Debug|iPhoneSimulator.ActiveCfg = Debug|Any CPU
		{AF18DC13-2F88-4065-8680-1228713FA985}.Debug|iPhoneSimulator.Build.0 = Debug|Any CPU
		{AF18DC13-2F88-4065-8680-1228713FA985}.Release|Any CPU.ActiveCfg = Release|Any CPU
		{AF18DC13-2F88-4065-8680-1228713FA985}.Release|Any CPU.Build.0 = Release|Any CPU
		{AF18DC13-2F88-4065-8680-1228713FA985}.Release|iPhone.ActiveCfg = Release|Any CPU
		{AF18DC13-2F88-4065-8680-1228713FA985}.Release|iPhone.Build.0 = Release|Any CPU
		{AF18DC13-2F88-4065-8680-1228713FA985}.Release|iPhoneSimulator.ActiveCfg = Release|Any CPU
		{AF18DC13-2F88-4065-8680-1228713FA985}.Release|iPhoneSimulator.Build.0 = Release|Any CPU
		{876E16B4-27BA-4B6B-BFE2-11101DB6952F}.Debug|Any CPU.ActiveCfg = Debug|Any CPU
		{876E16B4-27BA-4B6B-BFE2-11101DB6952F}.Debug|Any CPU.Build.0 = Debug|Any CPU
		{876E16B4-27BA-4B6B-BFE2-11101DB6952F}.Debug|iPhone.ActiveCfg = Debug|Any CPU
		{876E16B4-27BA-4B6B-BFE2-11101DB6952F}.Debug|iPhone.Build.0 = Debug|Any CPU
		{876E16B4-27BA-4B6B-BFE2-11101DB6952F}.Debug|iPhoneSimulator.ActiveCfg = Debug|Any CPU
		{876E16B4-27BA-4B6B-BFE2-11101DB6952F}.Debug|iPhoneSimulator.Build.0 = Debug|Any CPU
		{876E16B4-27BA-4B6B-BFE2-11101DB6952F}.Release|Any CPU.ActiveCfg = Release|Any CPU
		{876E16B4-27BA-4B6B-BFE2-11101DB6952F}.Release|Any CPU.Build.0 = Release|Any CPU
		{876E16B4-27BA-4B6B-BFE2-11101DB6952F}.Release|iPhone.ActiveCfg = Release|Any CPU
		{876E16B4-27BA-4B6B-BFE2-11101DB6952F}.Release|iPhone.Build.0 = Release|Any CPU
		{876E16B4-27BA-4B6B-BFE2-11101DB6952F}.Release|iPhoneSimulator.ActiveCfg = Release|Any CPU
		{876E16B4-27BA-4B6B-BFE2-11101DB6952F}.Release|iPhoneSimulator.Build.0 = Release|Any CPU
		{8EE51460-631C-4BEF-BCB7-8577752F6381}.Debug|Any CPU.ActiveCfg = Debug|Any CPU
		{8EE51460-631C-4BEF-BCB7-8577752F6381}.Debug|Any CPU.Build.0 = Debug|Any CPU
		{8EE51460-631C-4BEF-BCB7-8577752F6381}.Debug|iPhone.ActiveCfg = Debug|Any CPU
		{8EE51460-631C-4BEF-BCB7-8577752F6381}.Debug|iPhone.Build.0 = Debug|Any CPU
		{8EE51460-631C-4BEF-BCB7-8577752F6381}.Debug|iPhoneSimulator.ActiveCfg = Debug|Any CPU
		{8EE51460-631C-4BEF-BCB7-8577752F6381}.Debug|iPhoneSimulator.Build.0 = Debug|Any CPU
		{8EE51460-631C-4BEF-BCB7-8577752F6381}.Release|Any CPU.ActiveCfg = Release|Any CPU
		{8EE51460-631C-4BEF-BCB7-8577752F6381}.Release|Any CPU.Build.0 = Release|Any CPU
		{8EE51460-631C-4BEF-BCB7-8577752F6381}.Release|iPhone.ActiveCfg = Release|Any CPU
		{8EE51460-631C-4BEF-BCB7-8577752F6381}.Release|iPhone.Build.0 = Release|Any CPU
		{8EE51460-631C-4BEF-BCB7-8577752F6381}.Release|iPhoneSimulator.ActiveCfg = Release|Any CPU
		{8EE51460-631C-4BEF-BCB7-8577752F6381}.Release|iPhoneSimulator.Build.0 = Release|Any CPU
		{44E7162A-791D-4B05-A4F5-35869433ECD8}.Debug|Any CPU.ActiveCfg = Debug|Any CPU
		{44E7162A-791D-4B05-A4F5-35869433ECD8}.Debug|Any CPU.Build.0 = Debug|Any CPU
		{44E7162A-791D-4B05-A4F5-35869433ECD8}.Debug|iPhone.ActiveCfg = Debug|Any CPU
		{44E7162A-791D-4B05-A4F5-35869433ECD8}.Debug|iPhone.Build.0 = Debug|Any CPU
		{44E7162A-791D-4B05-A4F5-35869433ECD8}.Debug|iPhoneSimulator.ActiveCfg = Debug|Any CPU
		{44E7162A-791D-4B05-A4F5-35869433ECD8}.Debug|iPhoneSimulator.Build.0 = Debug|Any CPU
		{44E7162A-791D-4B05-A4F5-35869433ECD8}.Release|Any CPU.ActiveCfg = Release|Any CPU
		{44E7162A-791D-4B05-A4F5-35869433ECD8}.Release|Any CPU.Build.0 = Release|Any CPU
		{44E7162A-791D-4B05-A4F5-35869433ECD8}.Release|iPhone.ActiveCfg = Release|Any CPU
		{44E7162A-791D-4B05-A4F5-35869433ECD8}.Release|iPhone.Build.0 = Release|Any CPU
		{44E7162A-791D-4B05-A4F5-35869433ECD8}.Release|iPhoneSimulator.ActiveCfg = Release|Any CPU
		{44E7162A-791D-4B05-A4F5-35869433ECD8}.Release|iPhoneSimulator.Build.0 = Release|Any CPU
		{67F457BD-5EF2-46CA-97E4-4B0ACD798E67}.Debug|Any CPU.ActiveCfg = Debug|Any CPU
		{67F457BD-5EF2-46CA-97E4-4B0ACD798E67}.Debug|Any CPU.Build.0 = Debug|Any CPU
		{67F457BD-5EF2-46CA-97E4-4B0ACD798E67}.Debug|iPhone.ActiveCfg = Debug|Any CPU
		{67F457BD-5EF2-46CA-97E4-4B0ACD798E67}.Debug|iPhone.Build.0 = Debug|Any CPU
		{67F457BD-5EF2-46CA-97E4-4B0ACD798E67}.Debug|iPhoneSimulator.ActiveCfg = Debug|Any CPU
		{67F457BD-5EF2-46CA-97E4-4B0ACD798E67}.Debug|iPhoneSimulator.Build.0 = Debug|Any CPU
		{67F457BD-5EF2-46CA-97E4-4B0ACD798E67}.Release|Any CPU.ActiveCfg = Release|Any CPU
		{67F457BD-5EF2-46CA-97E4-4B0ACD798E67}.Release|Any CPU.Build.0 = Release|Any CPU
		{67F457BD-5EF2-46CA-97E4-4B0ACD798E67}.Release|iPhone.ActiveCfg = Release|Any CPU
		{67F457BD-5EF2-46CA-97E4-4B0ACD798E67}.Release|iPhone.Build.0 = Release|Any CPU
		{67F457BD-5EF2-46CA-97E4-4B0ACD798E67}.Release|iPhoneSimulator.ActiveCfg = Release|Any CPU
		{67F457BD-5EF2-46CA-97E4-4B0ACD798E67}.Release|iPhoneSimulator.Build.0 = Release|Any CPU
		{9F0152BF-EC30-4F06-BD65-5E2D312F0048}.Debug|Any CPU.ActiveCfg = Debug|Any CPU
		{9F0152BF-EC30-4F06-BD65-5E2D312F0048}.Debug|Any CPU.Build.0 = Debug|Any CPU
		{9F0152BF-EC30-4F06-BD65-5E2D312F0048}.Debug|iPhone.ActiveCfg = Debug|Any CPU
		{9F0152BF-EC30-4F06-BD65-5E2D312F0048}.Debug|iPhone.Build.0 = Debug|Any CPU
		{9F0152BF-EC30-4F06-BD65-5E2D312F0048}.Debug|iPhoneSimulator.ActiveCfg = Debug|Any CPU
		{9F0152BF-EC30-4F06-BD65-5E2D312F0048}.Debug|iPhoneSimulator.Build.0 = Debug|Any CPU
		{9F0152BF-EC30-4F06-BD65-5E2D312F0048}.Release|Any CPU.ActiveCfg = Release|Any CPU
		{9F0152BF-EC30-4F06-BD65-5E2D312F0048}.Release|Any CPU.Build.0 = Release|Any CPU
		{9F0152BF-EC30-4F06-BD65-5E2D312F0048}.Release|iPhone.ActiveCfg = Release|Any CPU
		{9F0152BF-EC30-4F06-BD65-5E2D312F0048}.Release|iPhone.Build.0 = Release|Any CPU
		{9F0152BF-EC30-4F06-BD65-5E2D312F0048}.Release|iPhoneSimulator.ActiveCfg = Release|Any CPU
		{9F0152BF-EC30-4F06-BD65-5E2D312F0048}.Release|iPhoneSimulator.Build.0 = Release|Any CPU
		{27836BCB-D598-4037-B602-8800BEC62A8E}.Debug|Any CPU.ActiveCfg = Debug|Any CPU
		{27836BCB-D598-4037-B602-8800BEC62A8E}.Debug|Any CPU.Build.0 = Debug|Any CPU
		{27836BCB-D598-4037-B602-8800BEC62A8E}.Debug|iPhone.ActiveCfg = Debug|Any CPU
		{27836BCB-D598-4037-B602-8800BEC62A8E}.Debug|iPhone.Build.0 = Debug|Any CPU
		{27836BCB-D598-4037-B602-8800BEC62A8E}.Debug|iPhoneSimulator.ActiveCfg = Debug|Any CPU
		{27836BCB-D598-4037-B602-8800BEC62A8E}.Debug|iPhoneSimulator.Build.0 = Debug|Any CPU
		{27836BCB-D598-4037-B602-8800BEC62A8E}.Release|Any CPU.ActiveCfg = Release|Any CPU
		{27836BCB-D598-4037-B602-8800BEC62A8E}.Release|Any CPU.Build.0 = Release|Any CPU
		{27836BCB-D598-4037-B602-8800BEC62A8E}.Release|iPhone.ActiveCfg = Release|Any CPU
		{27836BCB-D598-4037-B602-8800BEC62A8E}.Release|iPhone.Build.0 = Release|Any CPU
		{27836BCB-D598-4037-B602-8800BEC62A8E}.Release|iPhoneSimulator.ActiveCfg = Release|Any CPU
		{27836BCB-D598-4037-B602-8800BEC62A8E}.Release|iPhoneSimulator.Build.0 = Release|Any CPU
		{27C2D36C-7F50-4810-8E08-94FF460E0BCC}.Debug|Any CPU.ActiveCfg = Debug|Any CPU
		{27C2D36C-7F50-4810-8E08-94FF460E0BCC}.Debug|Any CPU.Build.0 = Debug|Any CPU
		{27C2D36C-7F50-4810-8E08-94FF460E0BCC}.Debug|iPhone.ActiveCfg = Debug|Any CPU
		{27C2D36C-7F50-4810-8E08-94FF460E0BCC}.Debug|iPhone.Build.0 = Debug|Any CPU
		{27C2D36C-7F50-4810-8E08-94FF460E0BCC}.Debug|iPhoneSimulator.ActiveCfg = Debug|Any CPU
		{27C2D36C-7F50-4810-8E08-94FF460E0BCC}.Debug|iPhoneSimulator.Build.0 = Debug|Any CPU
		{27C2D36C-7F50-4810-8E08-94FF460E0BCC}.Release|Any CPU.ActiveCfg = Release|Any CPU
		{27C2D36C-7F50-4810-8E08-94FF460E0BCC}.Release|Any CPU.Build.0 = Release|Any CPU
		{27C2D36C-7F50-4810-8E08-94FF460E0BCC}.Release|iPhone.ActiveCfg = Release|Any CPU
		{27C2D36C-7F50-4810-8E08-94FF460E0BCC}.Release|iPhone.Build.0 = Release|Any CPU
		{27C2D36C-7F50-4810-8E08-94FF460E0BCC}.Release|iPhoneSimulator.ActiveCfg = Release|Any CPU
		{27C2D36C-7F50-4810-8E08-94FF460E0BCC}.Release|iPhoneSimulator.Build.0 = Release|Any CPU
		{BE2D5F06-1F3D-4416-B6DE-06963C486054}.Debug|Any CPU.ActiveCfg = Debug|Any CPU
		{BE2D5F06-1F3D-4416-B6DE-06963C486054}.Debug|Any CPU.Build.0 = Debug|Any CPU
		{BE2D5F06-1F3D-4416-B6DE-06963C486054}.Debug|iPhone.ActiveCfg = Debug|Any CPU
		{BE2D5F06-1F3D-4416-B6DE-06963C486054}.Debug|iPhone.Build.0 = Debug|Any CPU
		{BE2D5F06-1F3D-4416-B6DE-06963C486054}.Debug|iPhoneSimulator.ActiveCfg = Debug|Any CPU
		{BE2D5F06-1F3D-4416-B6DE-06963C486054}.Debug|iPhoneSimulator.Build.0 = Debug|Any CPU
		{BE2D5F06-1F3D-4416-B6DE-06963C486054}.Release|Any CPU.ActiveCfg = Release|Any CPU
		{BE2D5F06-1F3D-4416-B6DE-06963C486054}.Release|Any CPU.Build.0 = Release|Any CPU
		{BE2D5F06-1F3D-4416-B6DE-06963C486054}.Release|iPhone.ActiveCfg = Release|Any CPU
		{BE2D5F06-1F3D-4416-B6DE-06963C486054}.Release|iPhone.Build.0 = Release|Any CPU
		{BE2D5F06-1F3D-4416-B6DE-06963C486054}.Release|iPhoneSimulator.ActiveCfg = Release|Any CPU
		{BE2D5F06-1F3D-4416-B6DE-06963C486054}.Release|iPhoneSimulator.Build.0 = Release|Any CPU
		{201E5011-4DDB-487F-A005-A9768FA25A1B}.Debug|Any CPU.ActiveCfg = Debug|Any CPU
		{201E5011-4DDB-487F-A005-A9768FA25A1B}.Debug|Any CPU.Build.0 = Debug|Any CPU
		{201E5011-4DDB-487F-A005-A9768FA25A1B}.Debug|iPhone.ActiveCfg = Debug|Any CPU
		{201E5011-4DDB-487F-A005-A9768FA25A1B}.Debug|iPhone.Build.0 = Debug|Any CPU
		{201E5011-4DDB-487F-A005-A9768FA25A1B}.Debug|iPhoneSimulator.ActiveCfg = Debug|Any CPU
		{201E5011-4DDB-487F-A005-A9768FA25A1B}.Debug|iPhoneSimulator.Build.0 = Debug|Any CPU
		{201E5011-4DDB-487F-A005-A9768FA25A1B}.Release|Any CPU.ActiveCfg = Release|Any CPU
		{201E5011-4DDB-487F-A005-A9768FA25A1B}.Release|Any CPU.Build.0 = Release|Any CPU
		{201E5011-4DDB-487F-A005-A9768FA25A1B}.Release|iPhone.ActiveCfg = Release|Any CPU
		{201E5011-4DDB-487F-A005-A9768FA25A1B}.Release|iPhone.Build.0 = Release|Any CPU
		{201E5011-4DDB-487F-A005-A9768FA25A1B}.Release|iPhoneSimulator.ActiveCfg = Release|Any CPU
		{201E5011-4DDB-487F-A005-A9768FA25A1B}.Release|iPhoneSimulator.Build.0 = Release|Any CPU
		{0C4FB394-3645-406B-84EF-A97952DE5D50}.Debug|Any CPU.ActiveCfg = Debug|Any CPU
		{0C4FB394-3645-406B-84EF-A97952DE5D50}.Debug|Any CPU.Build.0 = Debug|Any CPU
		{0C4FB394-3645-406B-84EF-A97952DE5D50}.Debug|iPhone.ActiveCfg = Debug|Any CPU
		{0C4FB394-3645-406B-84EF-A97952DE5D50}.Debug|iPhone.Build.0 = Debug|Any CPU
		{0C4FB394-3645-406B-84EF-A97952DE5D50}.Debug|iPhoneSimulator.ActiveCfg = Debug|Any CPU
		{0C4FB394-3645-406B-84EF-A97952DE5D50}.Debug|iPhoneSimulator.Build.0 = Debug|Any CPU
		{0C4FB394-3645-406B-84EF-A97952DE5D50}.Release|Any CPU.ActiveCfg = Release|Any CPU
		{0C4FB394-3645-406B-84EF-A97952DE5D50}.Release|Any CPU.Build.0 = Release|Any CPU
		{0C4FB394-3645-406B-84EF-A97952DE5D50}.Release|iPhone.ActiveCfg = Release|Any CPU
		{0C4FB394-3645-406B-84EF-A97952DE5D50}.Release|iPhone.Build.0 = Release|Any CPU
		{0C4FB394-3645-406B-84EF-A97952DE5D50}.Release|iPhoneSimulator.ActiveCfg = Release|Any CPU
		{0C4FB394-3645-406B-84EF-A97952DE5D50}.Release|iPhoneSimulator.Build.0 = Release|Any CPU
		{6B748EA7-C135-41A8-A120-9288A7B8BEF0}.Debug|Any CPU.ActiveCfg = Debug|Any CPU
		{6B748EA7-C135-41A8-A120-9288A7B8BEF0}.Debug|Any CPU.Build.0 = Debug|Any CPU
		{6B748EA7-C135-41A8-A120-9288A7B8BEF0}.Debug|iPhone.ActiveCfg = Debug|Any CPU
		{6B748EA7-C135-41A8-A120-9288A7B8BEF0}.Debug|iPhone.Build.0 = Debug|Any CPU
		{6B748EA7-C135-41A8-A120-9288A7B8BEF0}.Debug|iPhoneSimulator.ActiveCfg = Debug|Any CPU
		{6B748EA7-C135-41A8-A120-9288A7B8BEF0}.Debug|iPhoneSimulator.Build.0 = Debug|Any CPU
		{6B748EA7-C135-41A8-A120-9288A7B8BEF0}.Release|Any CPU.ActiveCfg = Release|Any CPU
		{6B748EA7-C135-41A8-A120-9288A7B8BEF0}.Release|Any CPU.Build.0 = Release|Any CPU
		{6B748EA7-C135-41A8-A120-9288A7B8BEF0}.Release|iPhone.ActiveCfg = Release|Any CPU
		{6B748EA7-C135-41A8-A120-9288A7B8BEF0}.Release|iPhone.Build.0 = Release|Any CPU
		{6B748EA7-C135-41A8-A120-9288A7B8BEF0}.Release|iPhoneSimulator.ActiveCfg = Release|Any CPU
		{6B748EA7-C135-41A8-A120-9288A7B8BEF0}.Release|iPhoneSimulator.Build.0 = Release|Any CPU
		{00A48355-7D6B-4FB5-871B-4791943062CB}.Debug|Any CPU.ActiveCfg = Debug|Any CPU
		{00A48355-7D6B-4FB5-871B-4791943062CB}.Debug|Any CPU.Build.0 = Debug|Any CPU
		{00A48355-7D6B-4FB5-871B-4791943062CB}.Debug|Any CPU.Deploy.0 = Debug|Any CPU
		{00A48355-7D6B-4FB5-871B-4791943062CB}.Debug|iPhone.ActiveCfg = Debug|Any CPU
		{00A48355-7D6B-4FB5-871B-4791943062CB}.Debug|iPhone.Build.0 = Debug|Any CPU
		{00A48355-7D6B-4FB5-871B-4791943062CB}.Debug|iPhone.Deploy.0 = Debug|Any CPU
		{00A48355-7D6B-4FB5-871B-4791943062CB}.Debug|iPhoneSimulator.ActiveCfg = Debug|Any CPU
		{00A48355-7D6B-4FB5-871B-4791943062CB}.Debug|iPhoneSimulator.Build.0 = Debug|Any CPU
		{00A48355-7D6B-4FB5-871B-4791943062CB}.Debug|iPhoneSimulator.Deploy.0 = Debug|Any CPU
		{00A48355-7D6B-4FB5-871B-4791943062CB}.Release|Any CPU.ActiveCfg = Release|Any CPU
		{00A48355-7D6B-4FB5-871B-4791943062CB}.Release|Any CPU.Build.0 = Release|Any CPU
		{00A48355-7D6B-4FB5-871B-4791943062CB}.Release|Any CPU.Deploy.0 = Release|Any CPU
		{00A48355-7D6B-4FB5-871B-4791943062CB}.Release|iPhone.ActiveCfg = Release|Any CPU
		{00A48355-7D6B-4FB5-871B-4791943062CB}.Release|iPhone.Build.0 = Release|Any CPU
		{00A48355-7D6B-4FB5-871B-4791943062CB}.Release|iPhone.Deploy.0 = Release|Any CPU
		{00A48355-7D6B-4FB5-871B-4791943062CB}.Release|iPhoneSimulator.ActiveCfg = Release|Any CPU
		{00A48355-7D6B-4FB5-871B-4791943062CB}.Release|iPhoneSimulator.Build.0 = Release|Any CPU
		{00A48355-7D6B-4FB5-871B-4791943062CB}.Release|iPhoneSimulator.Deploy.0 = Release|Any CPU
		{43AC56F7-E039-47B2-B2B4-7F19FD2DD03C}.Debug|Any CPU.ActiveCfg = Debug|iPhone
		{43AC56F7-E039-47B2-B2B4-7F19FD2DD03C}.Debug|iPhone.ActiveCfg = Debug|iPhone
		{43AC56F7-E039-47B2-B2B4-7F19FD2DD03C}.Debug|iPhone.Build.0 = Debug|iPhone
		{43AC56F7-E039-47B2-B2B4-7F19FD2DD03C}.Debug|iPhoneSimulator.ActiveCfg = Debug|iPhoneSimulator
		{43AC56F7-E039-47B2-B2B4-7F19FD2DD03C}.Debug|iPhoneSimulator.Build.0 = Debug|iPhoneSimulator
		{43AC56F7-E039-47B2-B2B4-7F19FD2DD03C}.Release|Any CPU.ActiveCfg = Release|iPhone
		{43AC56F7-E039-47B2-B2B4-7F19FD2DD03C}.Release|iPhone.ActiveCfg = Release|iPhone
		{43AC56F7-E039-47B2-B2B4-7F19FD2DD03C}.Release|iPhone.Build.0 = Release|iPhone
		{43AC56F7-E039-47B2-B2B4-7F19FD2DD03C}.Release|iPhoneSimulator.ActiveCfg = Release|iPhoneSimulator
		{43AC56F7-E039-47B2-B2B4-7F19FD2DD03C}.Release|iPhoneSimulator.Build.0 = Release|iPhoneSimulator
		{AD66FAAC-0FAF-4742-A4C1-5B0D4439FFF1}.Debug|Any CPU.ActiveCfg = Debug|Any CPU
		{AD66FAAC-0FAF-4742-A4C1-5B0D4439FFF1}.Debug|Any CPU.Build.0 = Debug|Any CPU
		{AD66FAAC-0FAF-4742-A4C1-5B0D4439FFF1}.Debug|iPhone.ActiveCfg = Debug|Any CPU
		{AD66FAAC-0FAF-4742-A4C1-5B0D4439FFF1}.Debug|iPhone.Build.0 = Debug|Any CPU
		{AD66FAAC-0FAF-4742-A4C1-5B0D4439FFF1}.Debug|iPhoneSimulator.ActiveCfg = Debug|Any CPU
		{AD66FAAC-0FAF-4742-A4C1-5B0D4439FFF1}.Debug|iPhoneSimulator.Build.0 = Debug|Any CPU
		{AD66FAAC-0FAF-4742-A4C1-5B0D4439FFF1}.Release|Any CPU.ActiveCfg = Release|Any CPU
		{AD66FAAC-0FAF-4742-A4C1-5B0D4439FFF1}.Release|Any CPU.Build.0 = Release|Any CPU
		{AD66FAAC-0FAF-4742-A4C1-5B0D4439FFF1}.Release|iPhone.ActiveCfg = Release|Any CPU
		{AD66FAAC-0FAF-4742-A4C1-5B0D4439FFF1}.Release|iPhone.Build.0 = Release|Any CPU
		{AD66FAAC-0FAF-4742-A4C1-5B0D4439FFF1}.Release|iPhoneSimulator.ActiveCfg = Release|Any CPU
		{AD66FAAC-0FAF-4742-A4C1-5B0D4439FFF1}.Release|iPhoneSimulator.Build.0 = Release|Any CPU
	EndGlobalSection
	GlobalSection(SolutionProperties) = preSolution
		HideSolutionNode = FALSE
	EndGlobalSection
	GlobalSection(NestedProjects) = preSolution
		{C91EC2FE-E233-4303-96BF-BB30B75BE976} = {00D96C0D-7857-4786-8E1B-F884076E3748}
		{79EEAA1F-FC18-4FED-998A-29C65A6518A8} = {00D96C0D-7857-4786-8E1B-F884076E3748}
		{8D51F3FE-121D-4A9C-B288-DFAE0312CC70} = {00D96C0D-7857-4786-8E1B-F884076E3748}
		{AF18DC13-2F88-4065-8680-1228713FA985} = {319B24ED-8DE8-41F1-AC9B-095BAA8AFF66}
		{876E16B4-27BA-4B6B-BFE2-11101DB6952F} = {C91EC2FE-E233-4303-96BF-BB30B75BE976}
		{8EE51460-631C-4BEF-BCB7-8577752F6381} = {79EEAA1F-FC18-4FED-998A-29C65A6518A8}
		{44E7162A-791D-4B05-A4F5-35869433ECD8} = {319B24ED-8DE8-41F1-AC9B-095BAA8AFF66}
		{67F457BD-5EF2-46CA-97E4-4B0ACD798E67} = {319B24ED-8DE8-41F1-AC9B-095BAA8AFF66}
		{9F0152BF-EC30-4F06-BD65-5E2D312F0048} = {C979CABC-E10D-4094-9295-E31A86DCE8A6}
		{27836BCB-D598-4037-B602-8800BEC62A8E} = {4BCED01A-0978-4A3E-B984-3980AFA1013E}
		{27C2D36C-7F50-4810-8E08-94FF460E0BCC} = {278932C1-7CFA-4EAB-BEF6-EC0C4BB8E993}
		{BE2D5F06-1F3D-4416-B6DE-06963C486054} = {8A15C181-0F1F-4B75-ABB2-9F1D81BE5DD4}
		{201E5011-4DDB-487F-A005-A9768FA25A1B} = {4BCED01A-0978-4A3E-B984-3980AFA1013E}
		{0C4FB394-3645-406B-84EF-A97952DE5D50} = {79EEAA1F-FC18-4FED-998A-29C65A6518A8}
		{30DCB1DC-3901-410D-A0C8-34C0CA897C5D} = {00D96C0D-7857-4786-8E1B-F884076E3748}
		{6B748EA7-C135-41A8-A120-9288A7B8BEF0} = {30DCB1DC-3901-410D-A0C8-34C0CA897C5D}
		{00A48355-7D6B-4FB5-871B-4791943062CB} = {8D51F3FE-121D-4A9C-B288-DFAE0312CC70}
		{43AC56F7-E039-47B2-B2B4-7F19FD2DD03C} = {8D51F3FE-121D-4A9C-B288-DFAE0312CC70}
		{AD66FAAC-0FAF-4742-A4C1-5B0D4439FFF1} = {8D51F3FE-121D-4A9C-B288-DFAE0312CC70}
	EndGlobalSection
	GlobalSection(ExtensibilityGlobals) = postSolution
		SolutionGuid = {CE8B8BA7-BFC8-41BA-B0B5-9149653AA810}
	EndGlobalSection
EndGlobal
